schema: '2.0'
stages:
  preprocess:
    cmd: python -m src.pipeline.preprocess
    deps:
    - path: configs/model_config.yaml
      hash: md5
      md5: 8077b5312fe71df05ce9533d6141d396
      size: 985
    - path: data/raw
      hash: md5
      md5: 7a09b53c182ed1f42c7b2e8727ecb5d8.dir
      size: 242789
      nfiles: 4
    - path: src/config.py
      hash: md5
      md5: b04f32564e9ddba2233a912b090f90c8
      size: 3756
    - path: src/pipeline/common.py
      hash: md5
      md5: 16d187a0dd6e4dd4fad0be8d21ffdb4c
      size: 1927
    - path: src/pipeline/preprocess.py
      hash: md5
      md5: 7cd5ef83943e2299ce443f746bb5bfc7
      size: 11607
    outs:
    - path: data/processed/interactions_prior.npz
      hash: md5
      md5: 117f949ab71d7209449bf55a067fbf67
      size: 15182
    - path: data/processed/split_meta.json
      hash: md5
      md5: f25b7982d699758845c23a7c7d6c141f
      size: 254
    - path: data/processed/test_pairs.pkl
      hash: md5
      md5: 41401980be525717deca9e5153d0f3a4
      size: 4706
    - path: data/processed/train_pairs.pkl
      hash: md5
      md5: f53d2d1ce75ab2b5a13e889ade03a6fa
      size: 17812
    - path: data/processed/val_pairs.pkl
      hash: md5
      md5: 32df932dd70f2704cc9ec7c6eef03bb4
      size: 4836
    - path: data/processed/vocabularies.pkl
      hash: md5
      md5: c0dbd003d03601a03f58397bb5c307ae
      size: 14196
  train:
    cmd: python -m src.pipeline.train
    deps:
    - path: configs/model_config.yaml
      hash: md5
      md5: 8077b5312fe71df05ce9533d6141d396
      size: 985
    - path: data/processed
      hash: md5
      md5: 8eddb73de607c3788e21d9c7c2f01c80.dir
      size: 56986
      nfiles: 6
    - path: src/evaluation
      hash: md5
      md5: 5e5961a8fab214c16ce830b5ad880944.dir
      size: 17724
      nfiles: 6
    - path: src/models/ncf.py
      hash: md5
      md5: 29b5c37f70b6e57e48e5d5e92f53ffad
      size: 2663
    - path: src/models/training
      hash: md5
      md5: 4f45b1051cca44939d237be842b0bf5b.dir
      size: 62503
      nfiles: 14
    - path: src/pipeline/train.py
      hash: md5
      md5: 8a41d20ecc74cd717c1fcdec004cdbfb
      size: 3171
    outs:
    - path: models/baseline_popularity/metrics.json
      hash: md5
      md5: 4f1e77a890040c6b405cd401ea5fc90b
      size: 362
    - path: models/baseline_popularity/ranking.pkl
      hash: md5
      md5: 94054f7dfe02297ab3fd591b98bf46c3
      size: 2552
    - path: models/item_based_cf/item_similarity.npz
      hash: md5
      md5: 2ffb036a08eea840e86ddc7a4058d495
      size: 49881
    - path: models/item_based_cf/metrics.json
      hash: md5
      md5: 37eb0890f3ad0ea26dda1b4175316e13
      size: 1192
    - path: models/matrix_factorization/item_factors.npy
      hash: md5
      md5: 03bbb927f0aadc029cca81940f601d19
      size: 24128
    - path: models/matrix_factorization/metrics.json
      hash: md5
      md5: 62f1e1210a479279e75541299aba3975
      size: 1278
    - path: models/matrix_factorization/user_factors.npy
      hash: md5
      md5: 5fb5ba7b89d21fe35c502ada4d2a836d
      size: 27328
    - path: models/neural_network/metrics.json
      hash: md5
      md5: 1eb0a4d5a0e3c0cbf2d5fe2083073557
      size: 1403
    - path: models/neural_network/model.pt
      hash: md5
      md5: 887d6a1e9e4b522e47e4a1f0a29faae2
      size: 464485
    - path: models/neural_network/training_history.pkl
      hash: md5
      md5: d075147b459e68ddbef1c4dc74f76b3d
      size: 1024
    - path: models/user_based_cf/knn_model.pkl
      hash: md5
      md5: b9d31f23b36af28e8554e2092b049bda
      size: 69642
    - path: models/user_based_cf/metrics.json
      hash: md5
      md5: 4ed17ec95b1e81ace38d1568f076078c
      size: 1273
  evaluate:
    cmd: python -m src.pipeline.evaluate
    deps:
    - path: models/baseline_popularity/ranking.pkl
      hash: md5
      md5: 94054f7dfe02297ab3fd591b98bf46c3
      size: 2552
    - path: models/item_based_cf/item_similarity.npz
      hash: md5
      md5: 2ffb036a08eea840e86ddc7a4058d495
      size: 49881
    - path: models/matrix_factorization/user_factors.npy
      hash: md5
      md5: 5fb5ba7b89d21fe35c502ada4d2a836d
      size: 27328
    - path: models/neural_network/model.pt
      hash: md5
      md5: 887d6a1e9e4b522e47e4a1f0a29faae2
      size: 464485
    - path: models/user_based_cf/knn_model.pkl
      hash: md5
      md5: b9d31f23b36af28e8554e2092b049bda
      size: 69642
    - path: src/models/ncf.py
      hash: md5
      md5: 29b5c37f70b6e57e48e5d5e92f53ffad
      size: 2663
    - path: src/models/training/user_cf.py
      hash: md5
      md5: 14549e34428c252224c9812bebbabd13
      size: 5260
    - path: src/pipeline/evaluate.py
      hash: md5
      md5: 14cc4abb5710d4cc1d8a5623febf2ec0
      size: 8323
    outs:
    - path: models/MODEL_CARD.md
      hash: md5
      md5: d1d5bdb4458daf8d4f51284f85d25484
      size: 1640
    - path: models/evaluation/metrics_comparison.csv
      hash: md5
      md5: 006dbd244e74abbe2ea11fae2ed0dff6
      size: 448
