schema: '2.0'
stages:
  preprocess:
    cmd: python -m src.pipeline.preprocess
    deps:
    - path: configs/model_config.yaml
      hash: md5
      md5: 8077b5312fe71df05ce9533d6141d396
      size: 985
    - path: data/raw
      hash: md5
      md5: d743f9dddc66cb960ac927ccafeb84bf.dir
      size: 172948
      nfiles: 4
    - path: src/config.py
      hash: md5
      md5: c70a7cb94c5736e8639951a313b9e594
      size: 4104
    - path: src/pipeline/common.py
      hash: md5
      md5: 16d187a0dd6e4dd4fad0be8d21ffdb4c
      size: 1927
    - path: src/pipeline/preprocess.py
      hash: md5
      md5: 7cd5ef83943e2299ce443f746bb5bfc7
      size: 11607
    outs:
    - path: data/processed/interactions_prior.npz
      hash: md5
      md5: d8f96d90b627ec506b58b55d1028f5c9
      size: 9707
    - path: data/processed/split_meta.json
      hash: md5
      md5: 480f2b58495e4da1b14d526434cc2ff0
      size: 254
    - path: data/processed/test_pairs.pkl
      hash: md5
      md5: 19186a0d12d2a2614a951b0b03c7c2ca
      size: 3714
    - path: data/processed/train_pairs.pkl
      hash: md5
      md5: a641eb462c26ed7c4aaac7ef776a68ad
      size: 13252
    - path: data/processed/val_pairs.pkl
      hash: md5
      md5: af001ed125b22c63e8879ba58029b1cb
      size: 3538
    - path: data/processed/vocabularies.pkl
      hash: md5
      md5: 4e486a883493534fd0a39ad6b3179d6c
      size: 10035
  train:
    cmd: python -m src.pipeline.train
    deps:
    - path: configs/model_config.yaml
      hash: md5
      md5: 8077b5312fe71df05ce9533d6141d396
      size: 985
    - path: data/processed
      hash: md5
      md5: 151ebb836f8966596f04cee33cf27e48.dir
      size: 40500
      nfiles: 6
    - path: src/evaluation
      hash: md5
      md5: 5e5961a8fab214c16ce830b5ad880944.dir
      size: 17724
      nfiles: 6
    - path: src/models/ncf.py
      hash: md5
      md5: 29b5c37f70b6e57e48e5d5e92f53ffad
      size: 2663
    - path: src/models/training
      hash: md5
      md5: bbffe44806ee23d5667aebf74fdabed8.dir
      size: 62503
      nfiles: 14
    - path: src/pipeline/train.py
      hash: md5
      md5: 8a41d20ecc74cd717c1fcdec004cdbfb
      size: 3171
    outs:
    - path: models/baseline_popularity/metrics.json
      hash: md5
      md5: d6e2443a6de361bb78b422a077dbc903
      size: 366
    - path: models/baseline_popularity/ranking.pkl
      hash: md5
      md5: 75a39d1bbb0aa5eb094090e6790df349
      size: 1751
    - path: models/item_based_cf/item_similarity.npz
      hash: md5
      md5: e640fde0800cd3213aaf8bd207a1fe26
      size: 33762
    - path: models/item_based_cf/metrics.json
      hash: md5
      md5: fe7b090ca0d609778ae016a5f1fc2333
      size: 1190
    - path: models/matrix_factorization/item_factors.npy
      hash: md5
      md5: 218613c2c90a6cc0964e4cfa5a2bd4c9
      size: 16128
    - path: models/matrix_factorization/metrics.json
      hash: md5
      md5: f58f6c9e1bad7cd4be9116723668f69b
      size: 1275
    - path: models/matrix_factorization/user_factors.npy
      hash: md5
      md5: 801ef64a85dc95cd3b61f7a84679bab1
      size: 20528
    - path: models/neural_network/metrics.json
      hash: md5
      md5: 831ae8c0ba32ef7fb288ec8d6f76c235
      size: 1403
    - path: models/neural_network/model.pt
      hash: md5
      md5: c252e2634ce36d145eaede4cc2f6c8fd
      size: 417125
    - path: models/neural_network/training_history.pkl
      hash: md5
      md5: cc1c72a2758059ba59d98f78bd9a6336
      size: 898
    - path: models/user_based_cf/knn_model.pkl
      hash: md5
      md5: e0c65a16c72beaf7d7ba0ceb5eabb961
      size: 47488
    - path: models/user_based_cf/metrics.json
      hash: md5
      md5: 0f0de75f4fd0eb234183ae4b43cdc191
      size: 1279
  evaluate:
    cmd: python -m src.pipeline.evaluate
    deps:
    - path: models/baseline_popularity/ranking.pkl
      hash: md5
      md5: 75a39d1bbb0aa5eb094090e6790df349
      size: 1751
    - path: models/item_based_cf/item_similarity.npz
      hash: md5
      md5: e640fde0800cd3213aaf8bd207a1fe26
      size: 33762
    - path: models/matrix_factorization/user_factors.npy
      hash: md5
      md5: 801ef64a85dc95cd3b61f7a84679bab1
      size: 20528
    - path: models/neural_network/model.pt
      hash: md5
      md5: c252e2634ce36d145eaede4cc2f6c8fd
      size: 417125
    - path: models/user_based_cf/knn_model.pkl
      hash: md5
      md5: e0c65a16c72beaf7d7ba0ceb5eabb961
      size: 47488
    - path: src/models/ncf.py
      hash: md5
      md5: 29b5c37f70b6e57e48e5d5e92f53ffad
      size: 2663
    - path: src/models/registry_recommender.py
      hash: md5
      md5: 834085169b60ac546f045242dc0fb814
      size: 1711
    - path: src/models/training/user_cf.py
      hash: md5
      md5: 14549e34428c252224c9812bebbabd13
      size: 5260
    - path: src/pipeline/evaluate.py
      hash: md5
      md5: 0c2cf65865a3470cb4a6c4f550e02057
      size: 9544
    - path: src/serving/pyfunc.py
      hash: md5
      md5: d1be6932a14e93bef33af32d56c63d83
      size: 2373
    outs:
    - path: models/MODEL_CARD.md
      hash: md5
      md5: 0af7b62246158af6566249c402a25f70
      size: 1725
    - path: models/evaluation/metrics_comparison.csv
      hash: md5
      md5: ef180e413b677cc70712b7c059ffb447
      size: 447
